
Microsoft Visual Studio Solution File, Format Version 12.00
# Visual Studio Version 16
VisualStudioVersion = 25.0.1704.0
MinimumVisualStudioVersion = 10.0.40219.1
Project("{FAE04EC0-301F-11D3-BF4B-00C04F79EFBC}") = "EG_Piranha", "EG_Piranha.csproj", "{C02AC1F0-BD3D-47E3-BBC7-91E327666326}"
EndProject
Global
	GlobalSection(SolutionConfigurationPlatforms) = preSolution
		Debug|Any CPU = Debug|Any CPU
		Release|Any CPU = Release|Any CPU
	EndGlobalSection
	GlobalSection(ProjectConfigurationPlatforms) = postSolution
		{C02AC1F0-BD3D-47E3-BBC7-91E327666326}.Debug|Any CPU.ActiveCfg = Debug|Any CPU
		{C02AC1F0-BD3D-47E3-BBC7-91E327666326}.Debug|Any CPU.Build.0 = Debug|Any CPU
		{C02AC1F0-BD3D-47E3-BBC7-91E327666326}.Release|Any CPU.ActiveCfg = Release|Any CPU
		{C02AC1F0-BD3D-47E3-BBC7-91E327666326}.Release|Any CPU.Build.0 = Release|Any CPU
	EndGlobalSection
	GlobalSection(SolutionProperties) = preSolution
		HideSolutionNode = FALSE
	EndGlobalSection
	GlobalSection(ExtensibilityGlobals) = postSolution
		SolutionGuid = {75227909-6592-4B13-AB5B-208480128900}
	EndGlobalSection
EndGlobal
